
Microsoft Visual Studio Solution File, Format Version 12.00
# Visual Studio 15
VisualStudioVersion = 15.0.28307.1231
MinimumVisualStudioVersion = 10.0.40219.1
Project("{FAE04EC0-301F-11D3-BF4B-00C04F79EFBC}") = "Sevilla-AdminVentas.Api", "Sevilla-AdminVentas.Api\Sevilla-AdminVentas.Api.csproj", "{095E69DF-D81F-4E68-AF04-B6819817DA31}"
EndProject
Project("{2150E333-8FDC-42A3-9474-1A3956D46DE8}") = "1 Layers", "1 Layers", "{172F5B6B-DDE3-4436-A5AB-F64D63FE42D5}"
EndProject
Project("{2150E333-8FDC-42A3-9474-1A3956D46DE8}") = "1.1 Distributed Services", "1.1 Distributed Services", "{55B44790-06DC-4D46-A01D-A27FA6AD5575}"
EndProject
Project("{2150E333-8FDC-42A3-9474-1A3956D46DE8}") = "1.2 Application", "1.2 Application", "{422E0DC6-1296-4D45-9645-901CD00A5F28}"
EndProject
Project("{2150E333-8FDC-42A3-9474-1A3956D46DE8}") = "1.3 Business", "1.3 Business", "{A3E34C5E-B300-4D02-9541-E8DC96339E8B}"
EndProject
Project("{FAE04EC0-301F-11D3-BF4B-00C04F79EFBC}") = "AdminVentas.Application", "AdminVentas.Application\AdminVentas.Application.csproj", "{C12783CB-A3B6-4B95-A1CF-9BF0C40B5DDF}"
EndProject
Project("{FAE04EC0-301F-11D3-BF4B-00C04F79EFBC}") = "AdminVentas.Application.Contracts", "AdminVentas.Application.Contracts\AdminVentas.Application.Contracts.csproj", "{AEFA72F1-E7A1-463D-B197-AE620C4E14C6}"
EndProject
Project("{FAE04EC0-301F-11D3-BF4B-00C04F79EFBC}") = "AdminVentas.Business", "AdminVentas.Business\AdminVentas.Business.csproj", "{6D867B2F-9965-442B-8CBA-329937A1BE08}"
EndProject
Project("{2150E333-8FDC-42A3-9474-1A3956D46DE8}") = "1.4 DataAccess", "1.4 DataAccess", "{C378770F-F775-4C8D-8042-89172F0AA727}"
EndProject
Project("{FAE04EC0-301F-11D3-BF4B-00C04F79EFBC}") = "AdminVentas.DataAccess", "AdminVentas.DataAccess\AdminVentas.DataAccess.csproj", "{6CD97A36-8C09-4E73-88D6-0AD83EAB5C92}"
EndProject
Project("{FAE04EC0-301F-11D3-BF4B-00C04F79EFBC}") = "AdminVentas.DataAccess.Contracts", "AdminVentas.DataAccess.Contracts\AdminVentas.DataAccess.Contracts.csproj", "{35ADC439-6F01-4698-A7DE-82C7C7B1E397}"
EndProject
Project("{2150E333-8FDC-42A3-9474-1A3956D46DE8}") = "1.5 Cross-Cutting", "1.5 Cross-Cutting", "{3A33B19F-EDE8-492F-B4DC-0A374A8E7AB0}"
EndProject
Project("{FAE04EC0-301F-11D3-BF4B-00C04F79EFBC}") = "AdminVentas.CrossCutting", "AdminVentas.CrossCutting\AdminVentas.CrossCutting.csproj", "{DAFB33E0-EAF7-4A86-A268-D35278DA2BA2}"
EndProject
Global
	GlobalSection(SolutionConfigurationPlatforms) = preSolution
		Debug|Any CPU = Debug|Any CPU
		Release|Any CPU = Release|Any CPU
	EndGlobalSection
	GlobalSection(ProjectConfigurationPlatforms) = postSolution
		{095E69DF-D81F-4E68-AF04-B6819817DA31}.Debug|Any CPU.ActiveCfg = Debug|Any CPU
		{095E69DF-D81F-4E68-AF04-B6819817DA31}.Debug|Any CPU.Build.0 = Debug|Any CPU
		{095E69DF-D81F-4E68-AF04-B6819817DA31}.Release|Any CPU.ActiveCfg = Release|Any CPU
		{095E69DF-D81F-4E68-AF04-B6819817DA31}.Release|Any CPU.Build.0 = Release|Any CPU
		{C12783CB-A3B6-4B95-A1CF-9BF0C40B5DDF}.Debug|Any CPU.ActiveCfg = Debug|Any CPU
		{C12783CB-A3B6-4B95-A1CF-9BF0C40B5DDF}.Debug|Any CPU.Build.0 = Debug|Any CPU
		{C12783CB-A3B6-4B95-A1CF-9BF0C40B5DDF}.Release|Any CPU.ActiveCfg = Release|Any CPU
		{C12783CB-A3B6-4B95-A1CF-9BF0C40B5DDF}.Release|Any CPU.Build.0 = Release|Any CPU
		{AEFA72F1-E7A1-463D-B197-AE620C4E14C6}.Debug|Any CPU.ActiveCfg = Debug|Any CPU
		{AEFA72F1-E7A1-463D-B197-AE620C4E14C6}.Debug|Any CPU.Build.0 = Debug|Any CPU
		{AEFA72F1-E7A1-463D-B197-AE620C4E14C6}.Release|Any CPU.ActiveCfg = Release|Any CPU
		{AEFA72F1-E7A1-463D-B197-AE620C4E14C6}.Release|Any CPU.Build.0 = Release|Any CPU
		{6D867B2F-9965-442B-8CBA-329937A1BE08}.Debug|Any CPU.ActiveCfg = Debug|Any CPU
		{6D867B2F-9965-442B-8CBA-329937A1BE08}.Debug|Any CPU.Build.0 = Debug|Any CPU
		{6D867B2F-9965-442B-8CBA-329937A1BE08}.Release|Any CPU.ActiveCfg = Release|Any CPU
		{6D867B2F-9965-442B-8CBA-329937A1BE08}.Release|Any CPU.Build.0 = Release|Any CPU
		{6CD97A36-8C09-4E73-88D6-0AD83EAB5C92}.Debug|Any CPU.ActiveCfg = Debug|Any CPU
		{6CD97A36-8C09-4E73-88D6-0AD83EAB5C92}.Debug|Any CPU.Build.0 = Debug|Any CPU
		{6CD97A36-8C09-4E73-88D6-0AD83EAB5C92}.Release|Any CPU.ActiveCfg = Release|Any CPU
		{6CD97A36-8C09-4E73-88D6-0AD83EAB5C92}.Release|Any CPU.Build.0 = Release|Any CPU
		{35ADC439-6F01-4698-A7DE-82C7C7B1E397}.Debug|Any CPU.ActiveCfg = Debug|Any CPU
		{35ADC439-6F01-4698-A7DE-82C7C7B1E397}.Debug|Any CPU.Build.0 = Debug|Any CPU
		{35ADC439-6F01-4698-A7DE-82C7C7B1E397}.Release|Any CPU.ActiveCfg = Release|Any CPU
		{35ADC439-6F01-4698-A7DE-82C7C7B1E397}.Release|Any CPU.Build.0 = Release|Any CPU
		{DAFB33E0-EAF7-4A86-A268-D35278DA2BA2}.Debug|Any CPU.ActiveCfg = Debug|Any CPU
		{DAFB33E0-EAF7-4A86-A268-D35278DA2BA2}.Debug|Any CPU.Build.0 = Debug|Any CPU
		{DAFB33E0-EAF7-4A86-A268-D35278DA2BA2}.Release|Any CPU.ActiveCfg = Release|Any CPU
		{DAFB33E0-EAF7-4A86-A268-D35278DA2BA2}.Release|Any CPU.Build.0 = Release|Any CPU
	EndGlobalSection
	GlobalSection(SolutionProperties) = preSolution
		HideSolutionNode = FALSE
	EndGlobalSection
	GlobalSection(NestedProjects) = preSolution
		{095E69DF-D81F-4E68-AF04-B6819817DA31} = {55B44790-06DC-4D46-A01D-A27FA6AD5575}
		{55B44790-06DC-4D46-A01D-A27FA6AD5575} = {172F5B6B-DDE3-4436-A5AB-F64D63FE42D5}
		{422E0DC6-1296-4D45-9645-901CD00A5F28} = {172F5B6B-DDE3-4436-A5AB-F64D63FE42D5}
		{A3E34C5E-B300-4D02-9541-E8DC96339E8B} = {172F5B6B-DDE3-4436-A5AB-F64D63FE42D5}
		{C12783CB-A3B6-4B95-A1CF-9BF0C40B5DDF} = {422E0DC6-1296-4D45-9645-901CD00A5F28}
		{AEFA72F1-E7A1-463D-B197-AE620C4E14C6} = {422E0DC6-1296-4D45-9645-901CD00A5F28}
		{6D867B2F-9965-442B-8CBA-329937A1BE08} = {A3E34C5E-B300-4D02-9541-E8DC96339E8B}
		{C378770F-F775-4C8D-8042-89172F0AA727} = {172F5B6B-DDE3-4436-A5AB-F64D63FE42D5}
		{6CD97A36-8C09-4E73-88D6-0AD83EAB5C92} = {C378770F-F775-4C8D-8042-89172F0AA727}
		{35ADC439-6F01-4698-A7DE-82C7C7B1E397} = {C378770F-F775-4C8D-8042-89172F0AA727}
		{3A33B19F-EDE8-492F-B4DC-0A374A8E7AB0} = {172F5B6B-DDE3-4436-A5AB-F64D63FE42D5}
		{DAFB33E0-EAF7-4A86-A268-D35278DA2BA2} = {3A33B19F-EDE8-492F-B4DC-0A374A8E7AB0}
	EndGlobalSection
	GlobalSection(ExtensibilityGlobals) = postSolution
		SolutionGuid = {9435674F-8976-4F37-95DF-AB6360E16AC4}
	EndGlobalSection
EndGlobal
